
Microsoft Visual Studio Solution File, Format Version 12.00
# Visual Studio Version 16
VisualStudioVersion = 16.0.32413.511
MinimumVisualStudioVersion = 10.0.40219.1
Project("{FAE04EC0-301F-11D3-BF4B-00C04F79EFBC}") = "notas_escolars", "notas_escolars.csproj", "{BD6E7018-D5DF-43F4-B9A5-7625D3DC6C15}"
EndProject
Global
	GlobalSection(SolutionConfigurationPlatforms) = preSolution
		Debug|Any CPU = Debug|Any CPU
		Release|Any CPU = Release|Any CPU
	EndGlobalSection
	GlobalSection(ProjectConfigurationPlatforms) = postSolution
		{BD6E7018-D5DF-43F4-B9A5-7625D3DC6C15}.Debug|Any CPU.ActiveCfg = Debug|Any CPU
		{BD6E7018-D5DF-43F4-B9A5-7625D3DC6C15}.Debug|Any CPU.Build.0 = Debug|Any CPU
		{BD6E7018-D5DF-43F4-B9A5-7625D3DC6C15}.Release|Any CPU.ActiveCfg = Release|Any CPU
		{BD6E7018-D5DF-43F4-B9A5-7625D3DC6C15}.Release|Any CPU.Build.0 = Release|Any CPU
	EndGlobalSection
	GlobalSection(SolutionProperties) = preSolution
		HideSolutionNode = FALSE
	EndGlobalSection
	GlobalSection(ExtensibilityGlobals) = postSolution
		SolutionGuid = {0B0FEA4A-051B-4525-A67C-375F170A9D16}
	EndGlobalSection
EndGlobal
